// !$*UTF8*$!
{
	archiveVersion = 1;
	classes = {
	};
	objectVersion = 56;
	objects = {

/* Begin PBXBuildFile section */
		1E4186BF2C34D16E00FDA002 /* SpotifyManager.swift in Sources */ = {isa = PBXBuildFile; fileRef = 1E4186BE2C34D16E00FDA002 /* SpotifyManager.swift */; };
		1E4186C22C34EA9C00FDA002 /* Alamofire in Frameworks */ = {isa = PBXBuildFile; productRef = 1E4186C12C34EA9C00FDA002 /* Alamofire */; };
		1EE3627E2C28DA28002BAE40 /* SpotifyAPIInvestigationApp.swift in Sources */ = {isa = PBXBuildFile; fileRef = 1EE3627D2C28DA28002BAE40 /* SpotifyAPIInvestigationApp.swift */; };
		1EE362802C28DA28002BAE40 /* ContentView.swift in Sources */ = {isa = PBXBuildFile; fileRef = 1EE3627F2C28DA28002BAE40 /* ContentView.swift */; };
		1EE362822C28DA29002BAE40 /* Assets.xcassets in Resources */ = {isa = PBXBuildFile; fileRef = 1EE362812C28DA29002BAE40 /* Assets.xcassets */; };
		1EE362852C28DA29002BAE40 /* Preview Assets.xcassets in Resources */ = {isa = PBXBuildFile; fileRef = 1EE362842C28DA29002BAE40 /* Preview Assets.xcassets */; };
		1EE3628D2C28E0E7002BAE40 /* SpotifyiOS in Frameworks */ = {isa = PBXBuildFile; productRef = 1EE3628C2C28E0E7002BAE40 /* SpotifyiOS */; };
		1EE3ECCE2C4052DD002F541C /* SpotifyPlayingImage.swift in Sources */ = {isa = PBXBuildFile; fileRef = 1EE3ECCD2C4052DD002F541C /* SpotifyPlayingImage.swift */; };
/* End PBXBuildFile section */

/* Begin PBXFileReference section */
		1E4186BE2C34D16E00FDA002 /* SpotifyManager.swift */ = {isa = PBXFileReference; lastKnownFileType = sourcecode.swift; path = SpotifyManager.swift; sourceTree = "<group>"; };
		1EE3627A2C28DA28002BAE40 /* SpotifyAPIInvestigation.app */ = {isa = PBXFileReference; explicitFileType = wrapper.application; includeInIndex = 0; path = SpotifyAPIInvestigation.app; sourceTree = BUILT_PRODUCTS_DIR; };
		1EE3627D2C28DA28002BAE40 /* SpotifyAPIInvestigationApp.swift */ = {isa = PBXFileReference; lastKnownFileType = sourcecode.swift; path = SpotifyAPIInvestigationApp.swift; sourceTree = "<group>"; };
		1EE3627F2C28DA28002BAE40 /* ContentView.swift */ = {isa = PBXFileReference; lastKnownFileType = sourcecode.swift; path = ContentView.swift; sourceTree = "<group>"; };
		1EE362812C28DA29002BAE40 /* Assets.xcassets */ = {isa = PBXFileReference; lastKnownFileType = folder.assetcatalog; path = Assets.xcassets; sourceTree = "<group>"; };
		1EE362842C28DA29002BAE40 /* Preview Assets.xcassets */ = {isa = PBXFileReference; lastKnownFileType = folder.assetcatalog; path = "Preview Assets.xcassets"; sourceTree = "<group>"; };
		1EE3628E2C28F1F8002BAE40 /* Info.plist */ = {isa = PBXFileReference; lastKnownFileType = text.plist; path = Info.plist; sourceTree = "<group>"; };
		1EE3628F2C28F58B002BAE40 /* SpotifyAPIInvestigation-Bridging-Header.h */ = {isa = PBXFileReference; lastKnownFileType = sourcecode.c.h; path = "SpotifyAPIInvestigation-Bridging-Header.h"; sourceTree = "<group>"; };
		1EE3ECCD2C4052DD002F541C /* SpotifyPlayingImage.swift */ = {isa = PBXFileReference; lastKnownFileType = sourcecode.swift; path = SpotifyPlayingImage.swift; sourceTree = "<group>"; };
/* End PBXFileReference section */

/* Begin PBXFrameworksBuildPhase section */
		1EE362772C28DA28002BAE40 /* Frameworks */ = {
			isa = PBXFrameworksBuildPhase;
			buildActionMask = 2147483647;
			files = (
				1EE3628D2C28E0E7002BAE40 /* SpotifyiOS in Frameworks */,
				1E4186C22C34EA9C00FDA002 /* Alamofire in Frameworks */,
			);
			runOnlyForDeploymentPostprocessing = 0;
		};
/* End PBXFrameworksBuildPhase section */

/* Begin PBXGroup section */
		1EE362712C28DA28002BAE40 = {
			isa = PBXGroup;
			children = (
				1EE3627C2C28DA28002BAE40 /* SpotifyAPIInvestigation */,
				1EE3627B2C28DA28002BAE40 /* Products */,
			);
			sourceTree = "<group>";
		};
		1EE3627B2C28DA28002BAE40 /* Products */ = {
			isa = PBXGroup;
			children = (
				1EE3627A2C28DA28002BAE40 /* SpotifyAPIInvestigation.app */,
			);
			name = Products;
			sourceTree = "<group>";
		};
		1EE3627C2C28DA28002BAE40 /* SpotifyAPIInvestigation */ = {
			isa = PBXGroup;
			children = (
				1EE3628E2C28F1F8002BAE40 /* Info.plist */,
				1EE3627D2C28DA28002BAE40 /* SpotifyAPIInvestigationApp.swift */,
				1EE3627F2C28DA28002BAE40 /* ContentView.swift */,
				1EE362812C28DA29002BAE40 /* Assets.xcassets */,
				1EE362832C28DA29002BAE40 /* Preview Content */,
				1EE3628F2C28F58B002BAE40 /* SpotifyAPIInvestigation-Bridging-Header.h */,
				1E4186BE2C34D16E00FDA002 /* SpotifyManager.swift */,
				1EE3ECCD2C4052DD002F541C /* SpotifyPlayingImage.swift */,
			);
			path = SpotifyAPIInvestigation;
			sourceTree = "<group>";
		};
		1EE362832C28DA29002BAE40 /* Preview Content */ = {
			isa = PBXGroup;
			children = (
				1EE362842C28DA29002BAE40 /* Preview Assets.xcassets */,
			);
			path = "Preview Content";
			sourceTree = "<group>";
		};
/* End PBXGroup section */

/* Begin PBXNativeTarget section */
		1EE362792C28DA28002BAE40 /* SpotifyAPIInvestigation */ = {
			isa = PBXNativeTarget;
			buildConfigurationList = 1EE362882C28DA29002BAE40 /* Build configuration list for PBXNativeTarget "SpotifyAPIInvestigation" */;
			buildPhases = (
				1EE362762C28DA28002BAE40 /* Sources */,
				1EE362772C28DA28002BAE40 /* Frameworks */,
				1EE362782C28DA28002BAE40 /* Resources */,
			);
			buildRules = (
			);
			dependencies = (
			);
			name = SpotifyAPIInvestigation;
			packageProductDependencies = (
				1EE3628C2C28E0E7002BAE40 /* SpotifyiOS */,
				1E4186C12C34EA9C00FDA002 /* Alamofire */,
			);
			productName = SpotifyAPIInvestigation;
			productReference = 1EE3627A2C28DA28002BAE40 /* SpotifyAPIInvestigation.app */;
			productType = "com.apple.product-type.application";
		};
/* End PBXNativeTarget section */

/* Begin PBXProject section */
		1EE362722C28DA28002BAE40 /* Project object */ = {
			isa = PBXProject;
			attributes = {
				BuildIndependentTargetsInParallel = 1;
				LastSwiftUpdateCheck = 1530;
				LastUpgradeCheck = 1530;
				TargetAttributes = {
					1EE362792C28DA28002BAE40 = {
						CreatedOnToolsVersion = 15.3;
						LastSwiftMigration = 1530;
					};
				};
			};
			buildConfigurationList = 1EE362752C28DA28002BAE40 /* Build configuration list for PBXProject "SpotifyAPIInvestigation" */;
			compatibilityVersion = "Xcode 14.0";
			developmentRegion = en;
			hasScannedForEncodings = 0;
			knownRegions = (
				en,
				Base,
			);
			mainGroup = 1EE362712C28DA28002BAE40;
			packageReferences = (
				1EE3628B2C28E0E7002BAE40 /* XCRemoteSwiftPackageReference "ios-sdk" */,
				1E4186C02C34EA9C00FDA002 /* XCRemoteSwiftPackageReference "Alamofire" */,
			);
			productRefGroup = 1EE3627B2C28DA28002BAE40 /* Products */;
			projectDirPath = "";
			projectRoot = "";
			targets = (
				1EE362792C28DA28002BAE40 /* SpotifyAPIInvestigation */,
			);
		};
/* End PBXProject section */

/* Begin PBXResourcesBuildPhase section */
		1EE362782C28DA28002BAE40 /* Resources */ = {
			isa = PBXResourcesBuildPhase;
			buildActionMask = 2147483647;
			files = (
				1EE362852C28DA29002BAE40 /* Preview Assets.xcassets in Resources */,
				1EE362822C28DA29002BAE40 /* Assets.xcassets in Resources */,
			);
			runOnlyForDeploymentPostprocessing = 0;
		};
/* End PBXResourcesBuildPhase section */

/* Begin PBXSourcesBuildPhase section */
		1EE362762C28DA28002BAE40 /* Sources */ = {
			isa = PBXSourcesBuildPhase;
			buildActionMask = 2147483647;
			files = (
				1E4186BF2C34D16E00FDA002 /* SpotifyManager.swift in Sources */,
				1EE362802C28DA28002BAE40 /* ContentView.swift in Sources */,
				1EE3ECCE2C4052DD002F541C /* SpotifyPlayingImage.swift in Sources */,
				1EE3627E2C28DA28002BAE40 /* SpotifyAPIInvestigationApp.swift in Sources */,
			);
			runOnlyForDeploymentPostprocessing = 0;
		};
/* End PBXSourcesBuildPhase section */

/* Begin XCBuildConfiguration section */
		1EE362862C28DA29002BAE40 /* Debug */ = {
			isa = XCBuildConfiguration;
			buildSettings = {
				ALWAYS_SEARCH_USER_PATHS = NO;
				ASSETCATALOG_COMPILER_GENERATE_SWIFT_ASSET_SYMBOL_EXTENSIONS = YES;
				CLANG_ANALYZER_NONNULL = YES;
				CLANG_ANALYZER_NUMBER_OBJECT_CONVERSION = YES_AGGRESSIVE;
				CLANG_CXX_LANGUAGE_STANDARD = "gnu++20";
				CLANG_ENABLE_MODULES = YES;
				CLANG_ENABLE_OBJC_ARC = YES;
				CLANG_ENABLE_OBJC_WEAK = YES;
				CLANG_WARN_BLOCK_CAPTURE_AUTORELEASING = YES;
				CLANG_WARN_BOOL_CONVERSION = YES;
				CLANG_WARN_COMMA = YES;
				CLANG_WARN_CONSTANT_CONVERSION = YES;
				CLANG_WARN_DEPRECATED_OBJC_IMPLEMENTATIONS = YES;
				CLANG_WARN_DIRECT_OBJC_ISA_USAGE = YES_ERROR;
				CLANG_WARN_DOCUMENTATION_COMMENTS = YES;
				CLANG_WARN_EMPTY_BODY = YES;
				CLANG_WARN_ENUM_CONVERSION = YES;
				CLANG_WARN_INFINITE_RECURSION = YES;
				CLANG_WARN_INT_CONVERSION = YES;
				CLANG_WARN_NON_LITERAL_NULL_CONVERSION = YES;
				CLANG_WARN_OBJC_IMPLICIT_RETAIN_SELF = YES;
				CLANG_WARN_OBJC_LITERAL_CONVERSION = YES;
				CLANG_WARN_OBJC_ROOT_CLASS = YES_ERROR;
				CLANG_WARN_QUOTED_INCLUDE_IN_FRAMEWORK_HEADER = YES;
				CLANG_WARN_RANGE_LOOP_ANALYSIS = YES;
				CLANG_WARN_STRICT_PROTOTYPES = YES;
				CLANG_WARN_SUSPICIOUS_MOVE = YES;
				CLANG_WARN_UNGUARDED_AVAILABILITY = YES_AGGRESSIVE;
				CLANG_WARN_UNREACHABLE_CODE = YES;
				CLANG_WARN__DUPLICATE_METHOD_MATCH = YES;
				COPY_PHASE_STRIP = NO;
				DEBUG_INFORMATION_FORMAT = dwarf;
				ENABLE_STRICT_OBJC_MSGSEND = YES;
				ENABLE_TESTABILITY = YES;
				ENABLE_USER_SCRIPT_SANDBOXING = YES;
				GCC_C_LANGUAGE_STANDARD = gnu17;
				GCC_DYNAMIC_NO_PIC = NO;
				GCC_NO_COMMON_BLOCKS = YES;
				GCC_OPTIMIZATION_LEVEL = 0;
				GCC_PREPROCESSOR_DEFINITIONS = (
					"DEBUG=1",
					"$(inherited)",
				);
				GCC_WARN_64_TO_32_BIT_CONVERSION = YES;
				GCC_WARN_ABOUT_RETURN_TYPE = YES_ERROR;
				GCC_WARN_UNDECLARED_SELECTOR = YES;
				GCC_WARN_UNINITIALIZED_AUTOS = YES_AGGRESSIVE;
				GCC_WARN_UNUSED_FUNCTION = YES;
				GCC_WARN_UNUSED_VARIABLE = YES;
				IPHONEOS_DEPLOYMENT_TARGET = 16.0;
				LOCALIZATION_PREFERS_STRING_CATALOGS = YES;
				MTL_ENABLE_DEBUG_INFO = INCLUDE_SOURCE;
				MTL_FAST_MATH = YES;
				ONLY_ACTIVE_ARCH = YES;
				SDKROOT = iphoneos;
				SWIFT_ACTIVE_COMPILATION_CONDITIONS = "DEBUG $(inherited)";
				SWIFT_OPTIMIZATION_LEVEL = "-Onone";
			};
			name = Debug;
		};
		1EE362872C28DA29002BAE40 /* Release */ = {
			isa = XCBuildConfiguration;
			buildSettings = {
				ALWAYS_SEARCH_USER_PATHS = NO;
				ASSETCATALOG_COMPILER_GENERATE_SWIFT_ASSET_SYMBOL_EXTENSIONS = YES;
				CLANG_ANALYZER_NONNULL = YES;
				CLANG_ANALYZER_NUMBER_OBJECT_CONVERSION = YES_AGGRESSIVE;
				CLANG_CXX_LANGUAGE_STANDARD = "gnu++20";
				CLANG_ENABLE_MODULES = YES;
				CLANG_ENABLE_OBJC_ARC = YES;
				CLANG_ENABLE_OBJC_WEAK = YES;
				CLANG_WARN_BLOCK_CAPTURE_AUTORELEASING = YES;
				CLANG_WARN_BOOL_CONVERSION = YES;
				CLANG_WARN_COMMA = YES;
				CLANG_WARN_CONSTANT_CONVERSION = YES;
				CLANG_WARN_DEPRECATED_OBJC_IMPLEMENTATIONS = YES;
				CLANG_WARN_DIRECT_OBJC_ISA_USAGE = YES_ERROR;
				CLANG_WARN_DOCUMENTATION_COMMENTS = YES;
				CLANG_WARN_EMPTY_BODY = YES;
				CLANG_WARN_ENUM_CONVERSION = YES;
				CLANG_WARN_INFINITE_RECURSION = YES;
				CLANG_WARN_INT_CONVERSION = YES;
				CLANG_WARN_NON_LITERAL_NULL_CONVERSION = YES;
				CLANG_WARN_OBJC_IMPLICIT_RETAIN_SELF = YES;
				CLANG_WARN_OBJC_LITERAL_CONVERSION = YES;
				CLANG_WARN_OBJC_ROOT_CLASS = YES_ERROR;
				CLANG_WARN_QUOTED_INCLUDE_IN_FRAMEWORK_HEADER = YES;
				CLANG_WARN_RANGE_LOOP_ANALYSIS = YES;
				CLANG_WARN_STRICT_PROTOTYPES = YES;
				CLANG_WARN_SUSPICIOUS_MOVE = YES;
				CLANG_WARN_UNGUARDED_AVAILABILITY = YES_AGGRESSIVE;
				CLANG_WARN_UNREACHABLE_CODE = YES;
				CLANG_WARN__DUPLICATE_METHOD_MATCH = YES;
				COPY_PHASE_STRIP = NO;
				DEBUG_INFORMATION_FORMAT = "dwarf-with-dsym";
				ENABLE_NS_ASSERTIONS = NO;
				ENABLE_STRICT_OBJC_MSGSEND = YES;
				ENABLE_USER_SCRIPT_SANDBOXING = YES;
				GCC_C_LANGUAGE_STANDARD = gnu17;
				GCC_NO_COMMON_BLOCKS = YES;
				GCC_WARN_64_TO_32_BIT_CONVERSION = YES;
				GCC_WARN_ABOUT_RETURN_TYPE = YES_ERROR;
				GCC_WARN_UNDECLARED_SELECTOR = YES;
				GCC_WARN_UNINITIALIZED_AUTOS = YES_AGGRESSIVE;
				GCC_WARN_UNUSED_FUNCTION = YES;
				GCC_WARN_UNUSED_VARIABLE = YES;
				IPHONEOS_DEPLOYMENT_TARGET = 16.0;
				LOCALIZATION_PREFERS_STRING_CATALOGS = YES;
				MTL_ENABLE_DEBUG_INFO = NO;
				MTL_FAST_MATH = YES;
				SDKROOT = iphoneos;
				SWIFT_COMPILATION_MODE = wholemodule;
				VALIDATE_PRODUCT = YES;
			};
			name = Release;
		};
		1EE362892C28DA29002BAE40 /* Debug */ = {
			isa = XCBuildConfiguration;
			buildSettings = {
				ASSETCATALOG_COMPILER_APPICON_NAME = AppIcon;
				ASSETCATALOG_COMPILER_GLOBAL_ACCENT_COLOR_NAME = AccentColor;
				CLANG_ENABLE_MODULES = YES;
				CODE_SIGN_STYLE = Automatic;
				CURRENT_PROJECT_VERSION = 1;
				DEVELOPMENT_ASSET_PATHS = "\"SpotifyAPIInvestigation/Preview Content\"";
				DEVELOPMENT_TEAM = U7MW83A3B2;
				ENABLE_PREVIEWS = YES;
				GENERATE_INFOPLIST_FILE = YES;
				INFOPLIST_FILE = SpotifyAPIInvestigation/Info.plist;
				INFOPLIST_KEY_UIApplicationSceneManifest_Generation = YES;
				INFOPLIST_KEY_UIApplicationSupportsIndirectInputEvents = YES;
				INFOPLIST_KEY_UILaunchScreen_Generation = YES;
				INFOPLIST_KEY_UISupportedInterfaceOrientations_iPad = "UIInterfaceOrientationPortrait UIInterfaceOrientationPortraitUpsideDown UIInterfaceOrientationLandscapeLeft UIInterfaceOrientationLandscapeRight";
				INFOPLIST_KEY_UISupportedInterfaceOrientations_iPhone = "UIInterfaceOrientationPortrait UIInterfaceOrientationLandscapeLeft UIInterfaceOrientationLandscapeRight";
				LD_RUNPATH_SEARCH_PATHS = (
					"$(inherited)",
					"@executable_path/Frameworks",
				);
				MARKETING_VERSION = 1.0;
				OTHER_LDFLAGS = "-ObjC";
				PRODUCT_BUNDLE_IDENTIFIER = com.osanai.SpotifyAPIInvestigation;
				PRODUCT_NAME = "$(TARGET_NAME)";
				SWIFT_EMIT_LOC_STRINGS = YES;
				SWIFT_OBJC_BRIDGING_HEADER = "SpotifyAPIInvestigation/SpotifyAPIInvestigation-Bridging-Header.h";
				SWIFT_OPTIMIZATION_LEVEL = "-Onone";
				SWIFT_VERSION = 5.0;
				TARGETED_DEVICE_FAMILY = "1,2";
			};
			name = Debug;
		};
		1EE3628A2C28DA29002BAE40 /* Release */ = {
			isa = XCBuildConfiguration;
			buildSettings = {
				ASSETCATALOG_COMPILER_APPICON_NAME = AppIcon;
				ASSETCATALOG_COMPILER_GLOBAL_ACCENT_COLOR_NAME = AccentColor;
				CLANG_ENABLE_MODULES = YES;
				CODE_SIGN_STYLE = Automatic;
				CURRENT_PROJECT_VERSION = 1;
				DEVELOPMENT_ASSET_PATHS = "\"SpotifyAPIInvestigation/Preview Content\"";
				DEVELOPMENT_TEAM = U7MW83A3B2;
				ENABLE_PREVIEWS = YES;
				GENERATE_INFOPLIST_FILE = YES;
				INFOPLIST_FILE = SpotifyAPIInvestigation/Info.plist;
				INFOPLIST_KEY_UIApplicationSceneManifest_Generation = YES;
				INFOPLIST_KEY_UIApplicationSupportsIndirectInputEvents = YES;
				INFOPLIST_KEY_UILaunchScreen_Generation = YES;
				INFOPLIST_KEY_UISupportedInterfaceOrientations_iPad = "UIInterfaceOrientationPortrait UIInterfaceOrientationPortraitUpsideDown UIInterfaceOrientationLandscapeLeft UIInterfaceOrientationLandscapeRight";
				INFOPLIST_KEY_UISupportedInterfaceOrientations_iPhone = "UIInterfaceOrientationPortrait UIInterfaceOrientationLandscapeLeft UIInterfaceOrientationLandscapeRight";
				LD_RUNPATH_SEARCH_PATHS = (
					"$(inherited)",
					"@executable_path/Frameworks",
				);
				MARKETING_VERSION = 1.0;
				OTHER_LDFLAGS = "-ObjC";
				PRODUCT_BUNDLE_IDENTIFIER = com.osanai.SpotifyAPIInvestigation;
				PRODUCT_NAME = "$(TARGET_NAME)";
				SWIFT_EMIT_LOC_STRINGS = YES;
				SWIFT_OBJC_BRIDGING_HEADER = "SpotifyAPIInvestigation/SpotifyAPIInvestigation-Bridging-Header.h";
				SWIFT_VERSION = 5.0;
				TARGETED_DEVICE_FAMILY = "1,2";
			};
			name = Release;
		};
/* End XCBuildConfiguration section */

/* Begin XCConfigurationList section */
		1EE362752C28DA28002BAE40 /* Build configuration list for PBXProject "SpotifyAPIInvestigation" */ = {
			isa = XCConfigurationList;
			buildConfigurations = (
				1EE362862C28DA29002BAE40 /* Debug */,
				1EE362872C28DA29002BAE40 /* Release */,
			);
			defaultConfigurationIsVisible = 0;
			defaultConfigurationName = Release;
		};
		1EE362882C28DA29002BAE40 /* Build configuration list for PBXNativeTarget "SpotifyAPIInvestigation" */ = {
			isa = XCConfigurationList;
			buildConfigurations = (
				1EE362892C28DA29002BAE40 /* Debug */,
				1EE3628A2C28DA29002BAE40 /* Release */,
			);
			defaultConfigurationIsVisible = 0;
			defaultConfigurationName = Release;
		};
/* End XCConfigurationList section */

/* Begin XCRemoteSwiftPackageReference section */
		1E4186C02C34EA9C00FDA002 /* XCRemoteSwiftPackageReference "Alamofire" */ = {
			isa = XCRemoteSwiftPackageReference;
			repositoryURL = "https://github.com/Alamofire/Alamofire";
			requirement = {
				kind = upToNextMajorVersion;
				minimumVersion = 5.9.1;
			};
		};
		1EE3628B2C28E0E7002BAE40 /* XCRemoteSwiftPackageReference "ios-sdk" */ = {
			isa = XCRemoteSwiftPackageReference;
			repositoryURL = "https://github.com/spotify/ios-sdk";
			requirement = {
				branch = master;
				kind = branch;
			};
		};
/* End XCRemoteSwiftPackageReference section */

/* Begin XCSwiftPackageProductDependency section */
		1E4186C12C34EA9C00FDA002 /* Alamofire */ = {
			isa = XCSwiftPackageProductDependency;
			package = 1E4186C02C34EA9C00FDA002 /* XCRemoteSwiftPackageReference "Alamofire" */;
			productName = Alamofire;
		};
		1EE3628C2C28E0E7002BAE40 /* SpotifyiOS */ = {
			isa = XCSwiftPackageProductDependency;
			package = 1EE3628B2C28E0E7002BAE40 /* XCRemoteSwiftPackageReference "ios-sdk" */;
			productName = SpotifyiOS;
		};
/* End XCSwiftPackageProductDependency section */
	};
	rootObject = 1EE362722C28DA28002BAE40 /* Project object */;
}
